
Microsoft Visual Studio Solution File, Format Version 12.00
# Visual Studio Version 17
VisualStudioVersion = 17.14.36401.2 d17.14
MinimumVisualStudioVersion = 10.0.40219.1
Project("{FAE04EC0-301F-11D3-BF4B-00C04F79EFBC}") = "slitherrrrr", "slitherrrrr\slitherrrrr.csproj", "{3C2A0E88-396B-4E67-8394-606320C88552}"
EndProject
Global
	GlobalSection(SolutionConfigurationPlatforms) = preSolution
		Debug|Any CPU = Debug|Any CPU
		Release|Any CPU = Release|Any CPU
	EndGlobalSection
	GlobalSection(ProjectConfigurationPlatforms) = postSolution
		{3C2A0E88-396B-4E67-8394-606320C88552}.Debug|Any CPU.ActiveCfg = Debug|Any CPU
		{3C2A0E88-396B-4E67-8394-606320C88552}.Debug|Any CPU.Build.0 = Debug|Any CPU
		{3C2A0E88-396B-4E67-8394-606320C88552}.Release|Any CPU.ActiveCfg = Release|Any CPU
		{3C2A0E88-396B-4E67-8394-606320C88552}.Release|Any CPU.Build.0 = Release|Any CPU
	EndGlobalSection
	GlobalSection(SolutionProperties) = preSolution
		HideSolutionNode = FALSE
	EndGlobalSection
	GlobalSection(ExtensibilityGlobals) = postSolution
		SolutionGuid = {2510DB2F-B2EE-4EF6-82F2-62AF30B87C40}
	EndGlobalSection
EndGlobal
